Microsoft Visual Studio Solution File, Format Version 12.00
# Visual Studio Version 17
VisualStudioVersion = 17.5.2.0
MinimumVisualStudioVersion = 10.0.40219.1
Project("{FAE04EC0-301F-11D3-BF4B-00C04F79EFBC}") = "PO_DelegatZmianyTemperatury", "PO_DelegatZmianyTemperatury.csproj", "{EB8A8E08-C801-64D5-2ADD-F4670F512E3E}"
EndProject
Global
	GlobalSection(SolutionConfigurationPlatforms) = preSolution
		Debug|Any CPU = Debug|Any CPU
		Release|Any CPU = Release|Any CPU
	EndGlobalSection
	GlobalSection(ProjectConfigurationPlatforms) = postSolution
		{EB8A8E08-C801-64D5-2ADD-F4670F512E3E}.Debug|Any CPU.ActiveCfg = Debug|Any CPU
		{EB8A8E08-C801-64D5-2ADD-F4670F512E3E}.Debug|Any CPU.Build.0 = Debug|Any CPU
		{EB8A8E08-C801-64D5-2ADD-F4670F512E3E}.Release|Any CPU.ActiveCfg = Release|Any CPU
		{EB8A8E08-C801-64D5-2ADD-F4670F512E3E}.Release|Any CPU.Build.0 = Release|Any CPU
	EndGlobalSection
	GlobalSection(SolutionProperties) = preSolution
		HideSolutionNode = FALSE
	EndGlobalSection
	GlobalSection(ExtensibilityGlobals) = postSolution
		SolutionGuid = {7D455D12-75B5-4426-8A47-79BF0D287E8F}
	EndGlobalSection
EndGlobal
